
Microsoft Visual Studio Solution File, Format Version 12.00
# Visual Studio Version 17
VisualStudioVersion = 17.4.33205.214
MinimumVisualStudioVersion = 10.0.40219.1
Project("{FAE04EC0-301F-11D3-BF4B-00C04F79EFBC}") = "PostCode", "PostCode\PostCode.csproj", "{5C65B279-0D14-495A-884C-D69DC563020E}"
EndProject
Project("{FAE04EC0-301F-11D3-BF4B-00C04F79EFBC}") = "NumberPostCodeLib", "NumberPostCode\NumberPostCodeLib.csproj", "{1DCB3E7C-12F7-41B0-AB19-0CE135CE4F94}"
EndProject
Global
	GlobalSection(SolutionConfigurationPlatforms) = preSolution
		Debug|Any CPU = Debug|Any CPU
		Release|Any CPU = Release|Any CPU
	EndGlobalSection
	GlobalSection(ProjectConfigurationPlatforms) = postSolution
		{5C65B279-0D14-495A-884C-D69DC563020E}.Debug|Any CPU.ActiveCfg = Debug|Any CPU
		{5C65B279-0D14-495A-884C-D69DC563020E}.Debug|Any CPU.Build.0 = Debug|Any CPU
		{5C65B279-0D14-495A-884C-D69DC563020E}.Release|Any CPU.ActiveCfg = Release|Any CPU
		{5C65B279-0D14-495A-884C-D69DC563020E}.Release|Any CPU.Build.0 = Release|Any CPU
		{1DCB3E7C-12F7-41B0-AB19-0CE135CE4F94}.Debug|Any CPU.ActiveCfg = Debug|Any CPU
		{1DCB3E7C-12F7-41B0-AB19-0CE135CE4F94}.Debug|Any CPU.Build.0 = Debug|Any CPU
		{1DCB3E7C-12F7-41B0-AB19-0CE135CE4F94}.Release|Any CPU.ActiveCfg = Release|Any CPU
		{1DCB3E7C-12F7-41B0-AB19-0CE135CE4F94}.Release|Any CPU.Build.0 = Release|Any CPU
	EndGlobalSection
	GlobalSection(SolutionProperties) = preSolution
		HideSolutionNode = FALSE
	EndGlobalSection
	GlobalSection(ExtensibilityGlobals) = postSolution
		SolutionGuid = {281397E7-25F7-46E3-AFE6-8BAB038FD67C}
	EndGlobalSection
EndGlobal
